
Microsoft Visual Studio Solution File, Format Version 12.00
# Visual Studio Version 17
VisualStudioVersion = 17.3.32825.248
MinimumVisualStudioVersion = 10.0.40219.1
Project("{FAE04EC0-301F-11D3-BF4B-00C04F79EFBC}") = "InheritanceExercise", "InheritanceExercise\InheritanceExercise.csproj", "{89BBC975-E09B-4AFF-A981-BB51B31876FA}"
EndProject
Project("{FAE04EC0-301F-11D3-BF4B-00C04F79EFBC}") = "InheritanceExerciseTests", "InheritanceExerciseTests\InheritanceExerciseTests.csproj", "{448D947D-B58E-4670-9D43-B5528CE821D8}"
EndProject
Global
	GlobalSection(SolutionConfigurationPlatforms) = preSolution
		Debug|Any CPU = Debug|Any CPU
		Release|Any CPU = Release|Any CPU
	EndGlobalSection
	GlobalSection(ProjectConfigurationPlatforms) = postSolution
		{89BBC975-E09B-4AFF-A981-BB51B31876FA}.Debug|Any CPU.ActiveCfg = Debug|Any CPU
		{89BBC975-E09B-4AFF-A981-BB51B31876FA}.Debug|Any CPU.Build.0 = Debug|Any CPU
		{89BBC975-E09B-4AFF-A981-BB51B31876FA}.Release|Any CPU.ActiveCfg = Release|Any CPU
		{89BBC975-E09B-4AFF-A981-BB51B31876FA}.Release|Any CPU.Build.0 = Release|Any CPU
		{448D947D-B58E-4670-9D43-B5528CE821D8}.Debug|Any CPU.ActiveCfg = Debug|Any CPU
		{448D947D-B58E-4670-9D43-B5528CE821D8}.Debug|Any CPU.Build.0 = Debug|Any CPU
		{448D947D-B58E-4670-9D43-B5528CE821D8}.Release|Any CPU.ActiveCfg = Release|Any CPU
		{448D947D-B58E-4670-9D43-B5528CE821D8}.Release|Any CPU.Build.0 = Release|Any CPU
	EndGlobalSection
	GlobalSection(SolutionProperties) = preSolution
		HideSolutionNode = FALSE
	EndGlobalSection
	GlobalSection(ExtensibilityGlobals) = postSolution
		SolutionGuid = {FFE9C24F-4099-47A0-9CF1-357DFB19F203}
	EndGlobalSection
EndGlobal
